{
  "name": "priorauth-web",
  "version": "3.6.1",
  "lockfileVersion": 3,
  "requires": true,
  "packages": {
    "": {
      "name": "priorauth-web",
      "version": "3.6.1",
      "dependencies": {
        "@meridiancare/clinical-rules": "file:vendor/clinical-rules-2.3.0"
      }
    },
    "node_modules/@meridiancare/clinical-rules": {
      "resolved": "vendor/clinical-rules-2.3.0",
      "link": true,
      "version": "2.3.0",
      "comment": "Pinned during INC-2024-0417. See docs/decisions/0009-pin-clinical-rules.md"
    },
    "vendor/clinical-rules-2.3.0": {
      "name": "@meridiancare/clinical-rules",
      "version": "2.3.0"
    }
  }
}
